
Microsoft Visual Studio Solution File, Format Version 12.00
# Visual Studio Version 17
VisualStudioVersion = 17.8.34408.163
MinimumVisualStudioVersion = 10.0.40219.1
Project("{FAE04EC0-301F-11D3-BF4B-00C04F79EFBC}") = "ToDo.app.Android", "ToDo.app\ToDo.app.Android\ToDo.app.Android.csproj", "{C5247191-315D-4A3E-B4C6-7ED4C6EFF62C}"
EndProject
Project("{FAE04EC0-301F-11D3-BF4B-00C04F79EFBC}") = "ToDo.app.iOS", "ToDo.app\ToDo.app.iOS\ToDo.app.iOS.csproj", "{D631F892-C31C-404B-81C8-A4DF5049F8B2}"
EndProject
Project("{FAE04EC0-301F-11D3-BF4B-00C04F79EFBC}") = "ToDo.app", "ToDo.app\ToDo.app\ToDo.app.csproj", "{152BB00F-A029-4AFD-93A1-2743BEFF29E3}"
EndProject
Global
	GlobalSection(SolutionConfigurationPlatforms) = preSolution
		Debug|Any CPU = Debug|Any CPU
		Debug|iPhone = Debug|iPhone
		Debug|iPhoneSimulator = Debug|iPhoneSimulator
		Release|Any CPU = Release|Any CPU
		Release|iPhone = Release|iPhone
		Release|iPhoneSimulator = Release|iPhoneSimulator
	EndGlobalSection
	GlobalSection(ProjectConfigurationPlatforms) = postSolution
		{C5247191-315D-4A3E-B4C6-7ED4C6EFF62C}.Debug|Any CPU.ActiveCfg = Debug|Any CPU
		{C5247191-315D-4A3E-B4C6-7ED4C6EFF62C}.Debug|Any CPU.Build.0 = Debug|Any CPU
		{C5247191-315D-4A3E-B4C6-7ED4C6EFF62C}.Debug|Any CPU.Deploy.0 = Debug|Any CPU
		{C5247191-315D-4A3E-B4C6-7ED4C6EFF62C}.Debug|iPhone.ActiveCfg = Debug|Any CPU
		{C5247191-315D-4A3E-B4C6-7ED4C6EFF62C}.Debug|iPhone.Build.0 = Debug|Any CPU
		{C5247191-315D-4A3E-B4C6-7ED4C6EFF62C}.Debug|iPhone.Deploy.0 = Debug|Any CPU
		{C5247191-315D-4A3E-B4C6-7ED4C6EFF62C}.Debug|iPhoneSimulator.ActiveCfg = Debug|Any CPU
		{C5247191-315D-4A3E-B4C6-7ED4C6EFF62C}.Debug|iPhoneSimulator.Build.0 = Debug|Any CPU
		{C5247191-315D-4A3E-B4C6-7ED4C6EFF62C}.Debug|iPhoneSimulator.Deploy.0 = Debug|Any CPU
		{C5247191-315D-4A3E-B4C6-7ED4C6EFF62C}.Release|Any CPU.ActiveCfg = Release|Any CPU
		{C5247191-315D-4A3E-B4C6-7ED4C6EFF62C}.Release|Any CPU.Build.0 = Release|Any CPU
		{C5247191-315D-4A3E-B4C6-7ED4C6EFF62C}.Release|Any CPU.Deploy.0 = Release|Any CPU
		{C5247191-315D-4A3E-B4C6-7ED4C6EFF62C}.Release|iPhone.ActiveCfg = Release|Any CPU
		{C5247191-315D-4A3E-B4C6-7ED4C6EFF62C}.Release|iPhone.Build.0 = Release|Any CPU
		{C5247191-315D-4A3E-B4C6-7ED4C6EFF62C}.Release|iPhone.Deploy.0 = Release|Any CPU
		{C5247191-315D-4A3E-B4C6-7ED4C6EFF62C}.Release|iPhoneSimulator.ActiveCfg = Release|Any CPU
		{C5247191-315D-4A3E-B4C6-7ED4C6EFF62C}.Release|iPhoneSimulator.Build.0 = Release|Any CPU
		{C5247191-315D-4A3E-B4C6-7ED4C6EFF62C}.Release|iPhoneSimulator.Deploy.0 = Release|Any CPU
		{D631F892-C31C-404B-81C8-A4DF5049F8B2}.Debug|Any CPU.ActiveCfg = Debug|iPhone
		{D631F892-C31C-404B-81C8-A4DF5049F8B2}.Debug|Any CPU.Build.0 = Debug|iPhone
		{D631F892-C31C-404B-81C8-A4DF5049F8B2}.Debug|Any CPU.Deploy.0 = Debug|iPhone
		{D631F892-C31C-404B-81C8-A4DF5049F8B2}.Debug|iPhone.ActiveCfg = Debug|iPhone
		{D631F892-C31C-404B-81C8-A4DF5049F8B2}.Debug|iPhone.Build.0 = Debug|iPhone
		{D631F892-C31C-404B-81C8-A4DF5049F8B2}.Debug|iPhone.Deploy.0 = Debug|iPhone
		{D631F892-C31C-404B-81C8-A4DF5049F8B2}.Debug|iPhoneSimulator.ActiveCfg = Debug|iPhoneSimulator
		{D631F892-C31C-404B-81C8-A4DF5049F8B2}.Debug|iPhoneSimulator.Build.0 = Debug|iPhoneSimulator
		{D631F892-C31C-404B-81C8-A4DF5049F8B2}.Debug|iPhoneSimulator.Deploy.0 = Debug|iPhoneSimulator
		{D631F892-C31C-404B-81C8-A4DF5049F8B2}.Release|Any CPU.ActiveCfg = Release|iPhoneSimulator
		{D631F892-C31C-404B-81C8-A4DF5049F8B2}.Release|Any CPU.Build.0 = Release|iPhoneSimulator
		{D631F892-C31C-404B-81C8-A4DF5049F8B2}.Release|Any CPU.Deploy.0 = Release|iPhoneSimulator
		{D631F892-C31C-404B-81C8-A4DF5049F8B2}.Release|iPhone.ActiveCfg = Release|iPhone
		{D631F892-C31C-404B-81C8-A4DF5049F8B2}.Release|iPhone.Build.0 = Release|iPhone
		{D631F892-C31C-404B-81C8-A4DF5049F8B2}.Release|iPhone.Deploy.0 = Release|iPhone
		{D631F892-C31C-404B-81C8-A4DF5049F8B2}.Release|iPhoneSimulator.ActiveCfg = Release|iPhoneSimulator
		{D631F892-C31C-404B-81C8-A4DF5049F8B2}.Release|iPhoneSimulator.Build.0 = Release|iPhoneSimulator
		{D631F892-C31C-404B-81C8-A4DF5049F8B2}.Release|iPhoneSimulator.Deploy.0 = Release|iPhoneSimulator
		{152BB00F-A029-4AFD-93A1-2743BEFF29E3}.Debug|Any CPU.ActiveCfg = Debug|Any CPU
		{152BB00F-A029-4AFD-93A1-2743BEFF29E3}.Debug|Any CPU.Build.0 = Debug|Any CPU
		{152BB00F-A029-4AFD-93A1-2743BEFF29E3}.Debug|Any CPU.Deploy.0 = Debug|Any CPU
		{152BB00F-A029-4AFD-93A1-2743BEFF29E3}.Debug|iPhone.ActiveCfg = Debug|Any CPU
		{152BB00F-A029-4AFD-93A1-2743BEFF29E3}.Debug|iPhone.Build.0 = Debug|Any CPU
		{152BB00F-A029-4AFD-93A1-2743BEFF29E3}.Debug|iPhone.Deploy.0 = Debug|Any CPU
		{152BB00F-A029-4AFD-93A1-2743BEFF29E3}.Debug|iPhoneSimulator.ActiveCfg = Debug|Any CPU
		{152BB00F-A029-4AFD-93A1-2743BEFF29E3}.Debug|iPhoneSimulator.Build.0 = Debug|Any CPU
		{152BB00F-A029-4AFD-93A1-2743BEFF29E3}.Debug|iPhoneSimulator.Deploy.0 = Debug|Any CPU
		{152BB00F-A029-4AFD-93A1-2743BEFF29E3}.Release|Any CPU.ActiveCfg = Release|Any CPU
		{152BB00F-A029-4AFD-93A1-2743BEFF29E3}.Release|Any CPU.Build.0 = Release|Any CPU
		{152BB00F-A029-4AFD-93A1-2743BEFF29E3}.Release|Any CPU.Deploy.0 = Release|Any CPU
		{152BB00F-A029-4AFD-93A1-2743BEFF29E3}.Release|iPhone.ActiveCfg = Release|Any CPU
		{152BB00F-A029-4AFD-93A1-2743BEFF29E3}.Release|iPhone.Build.0 = Release|Any CPU
		{152BB00F-A029-4AFD-93A1-2743BEFF29E3}.Release|iPhone.Deploy.0 = Release|Any CPU
		{152BB00F-A029-4AFD-93A1-2743BEFF29E3}.Release|iPhoneSimulator.ActiveCfg = Release|Any CPU
		{152BB00F-A029-4AFD-93A1-2743BEFF29E3}.Release|iPhoneSimulator.Build.0 = Release|Any CPU
		{152BB00F-A029-4AFD-93A1-2743BEFF29E3}.Release|iPhoneSimulator.Deploy.0 = Release|Any CPU
	EndGlobalSection
	GlobalSection(SolutionProperties) = preSolution
		HideSolutionNode = FALSE
	EndGlobalSection
	GlobalSection(ExtensibilityGlobals) = postSolution
		SolutionGuid = {90DB5CB3-CA9C-49FF-9EE3-E92B92BC964E}
	EndGlobalSection
EndGlobal
