
Microsoft Visual Studio Solution File, Format Version 12.00
# Visual Studio Version 17
VisualStudioVersion = 17.8.34511.84
MinimumVisualStudioVersion = 10.0.40219.1
Project("{FAE04EC0-301F-11D3-BF4B-00C04F79EFBC}") = "DoToo.Android", "DoToo\DoToo.Android\DoToo.Android.csproj", "{1A919E4C-C078-48BB-8FD8-D09A6A32974B}"
EndProject
Project("{FAE04EC0-301F-11D3-BF4B-00C04F79EFBC}") = "DoToo.iOS", "DoToo\DoToo.iOS\DoToo.iOS.csproj", "{011AF7DB-9142-4978-966E-5F8A4D6C65A9}"
EndProject
Project("{FAE04EC0-301F-11D3-BF4B-00C04F79EFBC}") = "DoToo", "DoToo\DoToo\DoToo.csproj", "{28AA5AB2-710B-4431-A43C-4CF1D0518B70}"
EndProject
Project("{2150E333-8FDC-42A3-9474-1A3956D46DE8}") = "Repositories", "Repositories", "{02898AAF-7747-4A4D-A34F-FF0CAA563D40}"
	ProjectSection(SolutionItems) = preProject
		ITodoItemRepository.cs = ITodoItemRepository.cs
		TodoItemRepository.cs = TodoItemRepository.cs
	EndProjectSection
EndProject
Project("{2150E333-8FDC-42A3-9474-1A3956D46DE8}") = "Models", "Models", "{74591E1B-507C-4902-80C0-1EF31E89048B}"
	ProjectSection(SolutionItems) = preProject
		TodoItem.cs = TodoItem.cs
	EndProjectSection
EndProject
Global
	GlobalSection(SolutionConfigurationPlatforms) = preSolution
		Debug|Any CPU = Debug|Any CPU
		Debug|iPhone = Debug|iPhone
		Debug|iPhoneSimulator = Debug|iPhoneSimulator
		Release|Any CPU = Release|Any CPU
		Release|iPhone = Release|iPhone
		Release|iPhoneSimulator = Release|iPhoneSimulator
	EndGlobalSection
	GlobalSection(ProjectConfigurationPlatforms) = postSolution
		{1A919E4C-C078-48BB-8FD8-D09A6A32974B}.Debug|Any CPU.ActiveCfg = Debug|Any CPU
		{1A919E4C-C078-48BB-8FD8-D09A6A32974B}.Debug|Any CPU.Build.0 = Debug|Any CPU
		{1A919E4C-C078-48BB-8FD8-D09A6A32974B}.Debug|Any CPU.Deploy.0 = Debug|Any CPU
		{1A919E4C-C078-48BB-8FD8-D09A6A32974B}.Debug|iPhone.ActiveCfg = Debug|Any CPU
		{1A919E4C-C078-48BB-8FD8-D09A6A32974B}.Debug|iPhone.Build.0 = Debug|Any CPU
		{1A919E4C-C078-48BB-8FD8-D09A6A32974B}.Debug|iPhone.Deploy.0 = Debug|Any CPU
		{1A919E4C-C078-48BB-8FD8-D09A6A32974B}.Debug|iPhoneSimulator.ActiveCfg = Debug|Any CPU
		{1A919E4C-C078-48BB-8FD8-D09A6A32974B}.Debug|iPhoneSimulator.Build.0 = Debug|Any CPU
		{1A919E4C-C078-48BB-8FD8-D09A6A32974B}.Debug|iPhoneSimulator.Deploy.0 = Debug|Any CPU
		{1A919E4C-C078-48BB-8FD8-D09A6A32974B}.Release|Any CPU.ActiveCfg = Release|Any CPU
		{1A919E4C-C078-48BB-8FD8-D09A6A32974B}.Release|Any CPU.Build.0 = Release|Any CPU
		{1A919E4C-C078-48BB-8FD8-D09A6A32974B}.Release|Any CPU.Deploy.0 = Release|Any CPU
		{1A919E4C-C078-48BB-8FD8-D09A6A32974B}.Release|iPhone.ActiveCfg = Release|Any CPU
		{1A919E4C-C078-48BB-8FD8-D09A6A32974B}.Release|iPhone.Build.0 = Release|Any CPU
		{1A919E4C-C078-48BB-8FD8-D09A6A32974B}.Release|iPhone.Deploy.0 = Release|Any CPU
		{1A919E4C-C078-48BB-8FD8-D09A6A32974B}.Release|iPhoneSimulator.ActiveCfg = Release|Any CPU
		{1A919E4C-C078-48BB-8FD8-D09A6A32974B}.Release|iPhoneSimulator.Build.0 = Release|Any CPU
		{1A919E4C-C078-48BB-8FD8-D09A6A32974B}.Release|iPhoneSimulator.Deploy.0 = Release|Any CPU
		{011AF7DB-9142-4978-966E-5F8A4D6C65A9}.Debug|Any CPU.ActiveCfg = Debug|iPhone
		{011AF7DB-9142-4978-966E-5F8A4D6C65A9}.Debug|Any CPU.Build.0 = Debug|iPhone
		{011AF7DB-9142-4978-966E-5F8A4D6C65A9}.Debug|Any CPU.Deploy.0 = Debug|iPhone
		{011AF7DB-9142-4978-966E-5F8A4D6C65A9}.Debug|iPhone.ActiveCfg = Debug|iPhone
		{011AF7DB-9142-4978-966E-5F8A4D6C65A9}.Debug|iPhone.Build.0 = Debug|iPhone
		{011AF7DB-9142-4978-966E-5F8A4D6C65A9}.Debug|iPhone.Deploy.0 = Debug|iPhone
		{011AF7DB-9142-4978-966E-5F8A4D6C65A9}.Debug|iPhoneSimulator.ActiveCfg = Debug|iPhoneSimulator
		{011AF7DB-9142-4978-966E-5F8A4D6C65A9}.Debug|iPhoneSimulator.Build.0 = Debug|iPhoneSimulator
		{011AF7DB-9142-4978-966E-5F8A4D6C65A9}.Debug|iPhoneSimulator.Deploy.0 = Debug|iPhoneSimulator
		{011AF7DB-9142-4978-966E-5F8A4D6C65A9}.Release|Any CPU.ActiveCfg = Release|iPhoneSimulator
		{011AF7DB-9142-4978-966E-5F8A4D6C65A9}.Release|Any CPU.Build.0 = Release|iPhoneSimulator
		{011AF7DB-9142-4978-966E-5F8A4D6C65A9}.Release|Any CPU.Deploy.0 = Release|iPhoneSimulator
		{011AF7DB-9142-4978-966E-5F8A4D6C65A9}.Release|iPhone.ActiveCfg = Release|iPhone
		{011AF7DB-9142-4978-966E-5F8A4D6C65A9}.Release|iPhone.Build.0 = Release|iPhone
		{011AF7DB-9142-4978-966E-5F8A4D6C65A9}.Release|iPhone.Deploy.0 = Release|iPhone
		{011AF7DB-9142-4978-966E-5F8A4D6C65A9}.Release|iPhoneSimulator.ActiveCfg = Release|iPhoneSimulator
		{011AF7DB-9142-4978-966E-5F8A4D6C65A9}.Release|iPhoneSimulator.Build.0 = Release|iPhoneSimulator
		{011AF7DB-9142-4978-966E-5F8A4D6C65A9}.Release|iPhoneSimulator.Deploy.0 = Release|iPhoneSimulator
		{28AA5AB2-710B-4431-A43C-4CF1D0518B70}.Debug|Any CPU.ActiveCfg = Debug|Any CPU
		{28AA5AB2-710B-4431-A43C-4CF1D0518B70}.Debug|Any CPU.Build.0 = Debug|Any CPU
		{28AA5AB2-710B-4431-A43C-4CF1D0518B70}.Debug|Any CPU.Deploy.0 = Debug|Any CPU
		{28AA5AB2-710B-4431-A43C-4CF1D0518B70}.Debug|iPhone.ActiveCfg = Debug|Any CPU
		{28AA5AB2-710B-4431-A43C-4CF1D0518B70}.Debug|iPhone.Build.0 = Debug|Any CPU
		{28AA5AB2-710B-4431-A43C-4CF1D0518B70}.Debug|iPhone.Deploy.0 = Debug|Any CPU
		{28AA5AB2-710B-4431-A43C-4CF1D0518B70}.Debug|iPhoneSimulator.ActiveCfg = Debug|Any CPU
		{28AA5AB2-710B-4431-A43C-4CF1D0518B70}.Debug|iPhoneSimulator.Build.0 = Debug|Any CPU
		{28AA5AB2-710B-4431-A43C-4CF1D0518B70}.Debug|iPhoneSimulator.Deploy.0 = Debug|Any CPU
		{28AA5AB2-710B-4431-A43C-4CF1D0518B70}.Release|Any CPU.ActiveCfg = Release|Any CPU
		{28AA5AB2-710B-4431-A43C-4CF1D0518B70}.Release|Any CPU.Build.0 = Release|Any CPU
		{28AA5AB2-710B-4431-A43C-4CF1D0518B70}.Release|Any CPU.Deploy.0 = Release|Any CPU
		{28AA5AB2-710B-4431-A43C-4CF1D0518B70}.Release|iPhone.ActiveCfg = Release|Any CPU
		{28AA5AB2-710B-4431-A43C-4CF1D0518B70}.Release|iPhone.Build.0 = Release|Any CPU
		{28AA5AB2-710B-4431-A43C-4CF1D0518B70}.Release|iPhone.Deploy.0 = Release|Any CPU
		{28AA5AB2-710B-4431-A43C-4CF1D0518B70}.Release|iPhoneSimulator.ActiveCfg = Release|Any CPU
		{28AA5AB2-710B-4431-A43C-4CF1D0518B70}.Release|iPhoneSimulator.Build.0 = Release|Any CPU
		{28AA5AB2-710B-4431-A43C-4CF1D0518B70}.Release|iPhoneSimulator.Deploy.0 = Release|Any CPU
	EndGlobalSection
	GlobalSection(SolutionProperties) = preSolution
		HideSolutionNode = FALSE
	EndGlobalSection
	GlobalSection(ExtensibilityGlobals) = postSolution
		SolutionGuid = {ED7788AE-6F3F-4A5E-9BF0-D6F84C30ABA3}
	EndGlobalSection
EndGlobal
